
Microsoft Visual Studio Solution File, Format Version 12.00
# Visual Studio 15
VisualStudioVersion = 15.0.28307.960
MinimumVisualStudioVersion = 10.0.40219.1
Project("{FAE04EC0-301F-11D3-BF4B-00C04F79EFBC}") = "RawPrintingHTTPService", "RawPrintingHTTPService\RawPrintingHTTPService.csproj", "{023864A2-E2AF-42F4-9FE1-E02ED91C43BE}"
EndProject
Project("{54435603-DBB4-11D2-8724-00A0C9A8B90C}") = "RawPrintingHTTPSetup", "RawPrintingHTTPSetup\RawPrintingHTTPSetup.vdproj", "{2C996EAB-38C1-482C-9FC8-3BF4FEB9D287}"
EndProject
Global
	GlobalSection(SolutionConfigurationPlatforms) = preSolution
		Debug|Any CPU = Debug|Any CPU
		Debug|x86 = Debug|x86
		Release|Any CPU = Release|Any CPU
		Release|x86 = Release|x86
	EndGlobalSection
	GlobalSection(ProjectConfigurationPlatforms) = postSolution
		{023864A2-E2AF-42F4-9FE1-E02ED91C43BE}.Debug|Any CPU.ActiveCfg = Debug|Any CPU
		{023864A2-E2AF-42F4-9FE1-E02ED91C43BE}.Debug|Any CPU.Build.0 = Debug|Any CPU
		{023864A2-E2AF-42F4-9FE1-E02ED91C43BE}.Debug|x86.ActiveCfg = Debug|x86
		{023864A2-E2AF-42F4-9FE1-E02ED91C43BE}.Debug|x86.Build.0 = Debug|x86
		{023864A2-E2AF-42F4-9FE1-E02ED91C43BE}.Release|Any CPU.ActiveCfg = Release|Any CPU
		{023864A2-E2AF-42F4-9FE1-E02ED91C43BE}.Release|Any CPU.Build.0 = Release|Any CPU
		{023864A2-E2AF-42F4-9FE1-E02ED91C43BE}.Release|x86.ActiveCfg = Release|x86
		{023864A2-E2AF-42F4-9FE1-E02ED91C43BE}.Release|x86.Build.0 = Release|x86
		{2C996EAB-38C1-482C-9FC8-3BF4FEB9D287}.Debug|Any CPU.ActiveCfg = Debug
		{2C996EAB-38C1-482C-9FC8-3BF4FEB9D287}.Debug|x86.ActiveCfg = Debug
		{2C996EAB-38C1-482C-9FC8-3BF4FEB9D287}.Release|Any CPU.ActiveCfg = Release
		{2C996EAB-38C1-482C-9FC8-3BF4FEB9D287}.Release|x86.ActiveCfg = Release
	EndGlobalSection
	GlobalSection(SolutionProperties) = preSolution
		HideSolutionNode = FALSE
	EndGlobalSection
	GlobalSection(ExtensibilityGlobals) = postSolution
		SolutionGuid = {E6E55D8A-F947-4A9C-AA2D-322F7672B418}
	EndGlobalSection
EndGlobal
